
Microsoft Visual Studio Solution File, Format Version 12.00
# Visual Studio 15
VisualStudioVersion = 15.0.28307.645
MinimumVisualStudioVersion = 10.0.40219.1
Project("{FAE04EC0-301F-11D3-BF4B-00C04F79EFBC}") = "WebApplication1", "WebApplication1\WebApplication1.csproj", "{EC0037A9-F5E0-4B91-B662-12F5C497D93E}"
EndProject
Global
	GlobalSection(SolutionConfigurationPlatforms) = preSolution
		Debug|Any CPU = Debug|Any CPU
		Release|Any CPU = Release|Any CPU
	EndGlobalSection
	GlobalSection(ProjectConfigurationPlatforms) = postSolution
		{EC0037A9-F5E0-4B91-B662-12F5C497D93E}.Debug|Any CPU.ActiveCfg = Debug|Any CPU
		{EC0037A9-F5E0-4B91-B662-12F5C497D93E}.Debug|Any CPU.Build.0 = Debug|Any CPU
		{EC0037A9-F5E0-4B91-B662-12F5C497D93E}.Release|Any CPU.ActiveCfg = Release|Any CPU
		{EC0037A9-F5E0-4B91-B662-12F5C497D93E}.Release|Any CPU.Build.0 = Release|Any CPU
	EndGlobalSection
	GlobalSection(SolutionProperties) = preSolution
		HideSolutionNode = FALSE
	EndGlobalSection
	GlobalSection(ExtensibilityGlobals) = postSolution
		SolutionGuid = {6B9B1A05-4631-4BF0-99AE-BC957EDD152F}
	EndGlobalSection
EndGlobal
